
Microsoft Visual Studio Solution File, Format Version 12.00
# Visual Studio Version 16
VisualStudioVersion = 16.0.31105.61
MinimumVisualStudioVersion = 10.0.40219.1
Project("{FAE04EC0-301F-11D3-BF4B-00C04F79EFBC}") = "DBHandle", "DBHandle\DBHandle.csproj", "{91D9E8FC-558A-415B-9865-60D1EE49547A}"
EndProject
Global
	GlobalSection(SolutionConfigurationPlatforms) = preSolution
		Debug|Any CPU = Debug|Any CPU
		Release|Any CPU = Release|Any CPU
	EndGlobalSection
	GlobalSection(ProjectConfigurationPlatforms) = postSolution
		{91D9E8FC-558A-415B-9865-60D1EE49547A}.Debug|Any CPU.ActiveCfg = Debug|Any CPU
		{91D9E8FC-558A-415B-9865-60D1EE49547A}.Debug|Any CPU.Build.0 = Debug|Any CPU
		{91D9E8FC-558A-415B-9865-60D1EE49547A}.Release|Any CPU.ActiveCfg = Release|Any CPU
		{91D9E8FC-558A-415B-9865-60D1EE49547A}.Release|Any CPU.Build.0 = Release|Any CPU
	EndGlobalSection
	GlobalSection(SolutionProperties) = preSolution
		HideSolutionNode = FALSE
	EndGlobalSection
	GlobalSection(ExtensibilityGlobals) = postSolution
		SolutionGuid = {31C7A5E8-D4E5-4EB2-8DF8-A9E1E56D20B2}
	EndGlobalSection
EndGlobal
